
Microsoft Visual Studio Solution File, Format Version 12.00
# Visual Studio 15
VisualStudioVersion = 15.0.34112.143
MinimumVisualStudioVersion = 10.0.40219.1
Project("{8BC9CEB8-8B4A-11D0-8D11-00A0C91BC942}") = "hardware-detection", "hardware-detection\hardware-detection.vcxproj", "{BD0D01C0-BC5A-4956-8D1A-A53504DCEFCD}"
EndProject
Global
	GlobalSection(SolutionConfigurationPlatforms) = preSolution
		Debug|x64 = Debug|x64
		Debug|x86 = Debug|x86
		Release|x64 = Release|x64
		Release|x86 = Release|x86
	EndGlobalSection
	GlobalSection(ProjectConfigurationPlatforms) = postSolution
		{BD0D01C0-BC5A-4956-8D1A-A53504DCEFCD}.Debug|x64.ActiveCfg = Debug|x64
		{BD0D01C0-BC5A-4956-8D1A-A53504DCEFCD}.Debug|x64.Build.0 = Debug|x64
		{BD0D01C0-BC5A-4956-8D1A-A53504DCEFCD}.Debug|x86.ActiveCfg = Debug|Win32
		{BD0D01C0-BC5A-4956-8D1A-A53504DCEFCD}.Debug|x86.Build.0 = Debug|Win32
		{BD0D01C0-BC5A-4956-8D1A-A53504DCEFCD}.Release|x64.ActiveCfg = Release|x64
		{BD0D01C0-BC5A-4956-8D1A-A53504DCEFCD}.Release|x64.Build.0 = Release|x64
		{BD0D01C0-BC5A-4956-8D1A-A53504DCEFCD}.Release|x86.ActiveCfg = Release|Win32
		{BD0D01C0-BC5A-4956-8D1A-A53504DCEFCD}.Release|x86.Build.0 = Release|Win32
	EndGlobalSection
	GlobalSection(SolutionProperties) = preSolution
		HideSolutionNode = FALSE
	EndGlobalSection
	GlobalSection(ExtensibilityGlobals) = postSolution
		SolutionGuid = {83825C79-57D6-4A53-B66B-9E7079AC62F4}
	EndGlobalSection
EndGlobal
